
Microsoft Visual Studio Solution File, Format Version 9.00
# Visual Studio 2005
Project("{FAE04EC0-301F-11D3-BF4B-00C04F79EFBC}") = "src", "src.csproj", "{3EE5DA81-D2F4-4134-92E9-E65E27F5E425}"
EndProject
Global
	GlobalSection(SolutionConfigurationPlatforms) = preSolution
		Debug|Any CPU = Debug|Any CPU
		Release|Any CPU = Release|Any CPU
	EndGlobalSection
	GlobalSection(ProjectConfigurationPlatforms) = postSolution
		{3EE5DA81-D2F4-4134-92E9-E65E27F5E425}.Debug|Any CPU.ActiveCfg = Debug|Any CPU
		{3EE5DA81-D2F4-4134-92E9-E65E27F5E425}.Debug|Any CPU.Build.0 = Debug|Any CPU
		{3EE5DA81-D2F4-4134-92E9-E65E27F5E425}.Release|Any CPU.ActiveCfg = Release|Any CPU
		{3EE5DA81-D2F4-4134-92E9-E65E27F5E425}.Release|Any CPU.Build.0 = Release|Any CPU
	EndGlobalSection
	GlobalSection(SolutionProperties) = preSolution
		HideSolutionNode = FALSE
	EndGlobalSection
EndGlobal
